{
  "name": "gemplex-website",
  "version": "1.0.0",
  "lockfileVersion": 3,
  "requires": true,
  "packages": {
    "": {
      "name": "gemplex-website",
      "version": "1.0.0",
      "optionalDependencies": {
        "mysql2": "^3.11.5"
      }
    },
    "node_modules/mysql2": {
      "optional": true
    }
  }
}
